{
  "object": {
    "pins": [
      {
        "package": "Colorizer",
        "repositoryURL": "https://github.com/getGuaka/Colorizer.git",
        "state": {
          "branch": null,
          "revision": "49277ea92b3a6877f1290489fa1fcf2084ce16ee",
          "version": "0.1.0"
        }
      },
      {
        "package": "Guaka",
        "repositoryURL": "https://github.com/nsomar/Guaka.git",
        "state": {
          "branch": null,
          "revision": "6fb29b2378166a30d72120980e1c099c664598de",
          "version": "0.4.1"
        }
      },
      {
        "package": "Nimble",
        "repositoryURL": "https://github.com/Quick/Nimble.git",
        "state": {
          "branch": null,
          "revision": "e9d769113660769a4d9dd3afb855562c0b7ae7b0",
          "version": "7.3.4"
        }
      },
      {
        "package": "Quick",
        "repositoryURL": "https://github.com/Quick/Quick.git",
        "state": {
          "branch": null,
          "revision": "f2b5a06440ea87eba1a167cab37bf6496646c52e",
          "version": "1.3.4"
        }
      },
      {
        "package": "StringScanner",
        "repositoryURL": "https://github.com/getGuaka/StringScanner.git",
        "state": {
          "branch": null,
          "revision": "de1685ad202cb586d626ed52d6de904dd34189f3",
          "version": "0.4.1"
        }
      }
    ]
  },
  "version": 1
}
